
Microsoft Visual Studio Solution File, Format Version 12.00
# Visual Studio Version 16
VisualStudioVersion = 16.0.30104.148
MinimumVisualStudioVersion = 10.0.40219.1
Project("{FAE04EC0-301F-11D3-BF4B-00C04F79EFBC}") = "BookingAppBackend", "BookingAppBackend\BookingAppBackend.csproj", "{D155B288-F89B-4F02-A9A5-68E76E689042}"
EndProject
Global
	GlobalSection(SolutionConfigurationPlatforms) = preSolution
		Debug|Any CPU = Debug|Any CPU
		Release|Any CPU = Release|Any CPU
	EndGlobalSection
	GlobalSection(ProjectConfigurationPlatforms) = postSolution
		{D155B288-F89B-4F02-A9A5-68E76E689042}.Debug|Any CPU.ActiveCfg = Debug|Any CPU
		{D155B288-F89B-4F02-A9A5-68E76E689042}.Debug|Any CPU.Build.0 = Debug|Any CPU
		{D155B288-F89B-4F02-A9A5-68E76E689042}.Release|Any CPU.ActiveCfg = Release|Any CPU
		{D155B288-F89B-4F02-A9A5-68E76E689042}.Release|Any CPU.Build.0 = Release|Any CPU
	EndGlobalSection
	GlobalSection(SolutionProperties) = preSolution
		HideSolutionNode = FALSE
	EndGlobalSection
	GlobalSection(ExtensibilityGlobals) = postSolution
		SolutionGuid = {226CBCC4-0228-4BD3-9B56-2B36653B27C3}
	EndGlobalSection
EndGlobal
